
Microsoft Visual Studio Solution File, Format Version 12.00
# Visual Studio Version 17
VisualStudioVersion = 17.8.34525.116
MinimumVisualStudioVersion = 10.0.40219.1
Project("{FAE04EC0-301F-11D3-BF4B-00C04F79EFBC}") = "Logica del juego en consola", "Logica del juego en consola\Logica del juego en consola.csproj", "{6A4A77A8-2CF8-4455-9C77-1A6230EA8AF1}"
EndProject
Global
	GlobalSection(SolutionConfigurationPlatforms) = preSolution
		Debug|Any CPU = Debug|Any CPU
		Release|Any CPU = Release|Any CPU
	EndGlobalSection
	GlobalSection(ProjectConfigurationPlatforms) = postSolution
		{6A4A77A8-2CF8-4455-9C77-1A6230EA8AF1}.Debug|Any CPU.ActiveCfg = Debug|Any CPU
		{6A4A77A8-2CF8-4455-9C77-1A6230EA8AF1}.Debug|Any CPU.Build.0 = Debug|Any CPU
		{6A4A77A8-2CF8-4455-9C77-1A6230EA8AF1}.Release|Any CPU.ActiveCfg = Release|Any CPU
		{6A4A77A8-2CF8-4455-9C77-1A6230EA8AF1}.Release|Any CPU.Build.0 = Release|Any CPU
	EndGlobalSection
	GlobalSection(SolutionProperties) = preSolution
		HideSolutionNode = FALSE
	EndGlobalSection
	GlobalSection(ExtensibilityGlobals) = postSolution
		SolutionGuid = {C2E7D905-9276-4005-A6C7-CA62568C5E06}
	EndGlobalSection
EndGlobal
